
Microsoft Visual Studio Solution File, Format Version 12.00
# Visual Studio 14
VisualStudioVersion = 14.0.23107.0
MinimumVisualStudioVersion = 10.0.40219.1
Project("{FAE04EC0-301F-11D3-BF4B-00C04F79EFBC}") = "GitDemo", "GitDemo\GitDemo.csproj", "{D9A55070-2686-4E15-8E78-A4EB49F06EE1}"
EndProject
Project("{FAE04EC0-301F-11D3-BF4B-00C04F79EFBC}") = "GitDemo.Tests", "GitDemo.Tests\GitDemo.Tests.csproj", "{66A1805C-057F-4935-B674-448D17FE5B55}"
EndProject
Global
	GlobalSection(SolutionConfigurationPlatforms) = preSolution
		Debug|Any CPU = Debug|Any CPU
		Release|Any CPU = Release|Any CPU
	EndGlobalSection
	GlobalSection(ProjectConfigurationPlatforms) = postSolution
		{D9A55070-2686-4E15-8E78-A4EB49F06EE1}.Debug|Any CPU.ActiveCfg = Debug|Any CPU
		{D9A55070-2686-4E15-8E78-A4EB49F06EE1}.Debug|Any CPU.Build.0 = Debug|Any CPU
		{D9A55070-2686-4E15-8E78-A4EB49F06EE1}.Release|Any CPU.ActiveCfg = Release|Any CPU
		{D9A55070-2686-4E15-8E78-A4EB49F06EE1}.Release|Any CPU.Build.0 = Release|Any CPU
		{66A1805C-057F-4935-B674-448D17FE5B55}.Debug|Any CPU.ActiveCfg = Debug|Any CPU
		{66A1805C-057F-4935-B674-448D17FE5B55}.Debug|Any CPU.Build.0 = Debug|Any CPU
		{66A1805C-057F-4935-B674-448D17FE5B55}.Release|Any CPU.ActiveCfg = Release|Any CPU
		{66A1805C-057F-4935-B674-448D17FE5B55}.Release|Any CPU.Build.0 = Release|Any CPU
	EndGlobalSection
	GlobalSection(SolutionProperties) = preSolution
		HideSolutionNode = FALSE
	EndGlobalSection
EndGlobal
